
Microsoft Visual Studio Solution File, Format Version 12.00
# Visual Studio Version 17
VisualStudioVersion = 17.2.32630.192
MinimumVisualStudioVersion = 10.0.40219.1
Project("{9A19103F-16F7-4668-BE54-9A1E7A4F7556}") = "DevIO.Business", "src\DevIO.Business\DevIO.Business.csproj", "{AF41C0E3-2825-40C5-82ED-4B9751FB83BD}"
EndProject
Project("{9A19103F-16F7-4668-BE54-9A1E7A4F7556}") = "DevIO.Data", "src\DevIO.Data\DevIO.Data.csproj", "{F0CFC8B9-A6C5-4800-B74F-FB68F2FF0D39}"
EndProject
Project("{FAE04EC0-301F-11D3-BF4B-00C04F79EFBC}") = "DevIO.Api", "src\DevIO.Api\DevIO.Api.csproj", "{72C18DAD-C57A-4758-9894-A849763D8788}"
EndProject
Global
	GlobalSection(SolutionConfigurationPlatforms) = preSolution
		Debug|Any CPU = Debug|Any CPU
		Release|Any CPU = Release|Any CPU
	EndGlobalSection
	GlobalSection(ProjectConfigurationPlatforms) = postSolution
		{AF41C0E3-2825-40C5-82ED-4B9751FB83BD}.Debug|Any CPU.ActiveCfg = Debug|Any CPU
		{AF41C0E3-2825-40C5-82ED-4B9751FB83BD}.Debug|Any CPU.Build.0 = Debug|Any CPU
		{AF41C0E3-2825-40C5-82ED-4B9751FB83BD}.Release|Any CPU.ActiveCfg = Release|Any CPU
		{AF41C0E3-2825-40C5-82ED-4B9751FB83BD}.Release|Any CPU.Build.0 = Release|Any CPU
		{F0CFC8B9-A6C5-4800-B74F-FB68F2FF0D39}.Debug|Any CPU.ActiveCfg = Debug|Any CPU
		{F0CFC8B9-A6C5-4800-B74F-FB68F2FF0D39}.Debug|Any CPU.Build.0 = Debug|Any CPU
		{F0CFC8B9-A6C5-4800-B74F-FB68F2FF0D39}.Release|Any CPU.ActiveCfg = Release|Any CPU
		{F0CFC8B9-A6C5-4800-B74F-FB68F2FF0D39}.Release|Any CPU.Build.0 = Release|Any CPU
		{72C18DAD-C57A-4758-9894-A849763D8788}.Debug|Any CPU.ActiveCfg = Debug|Any CPU
		{72C18DAD-C57A-4758-9894-A849763D8788}.Debug|Any CPU.Build.0 = Debug|Any CPU
		{72C18DAD-C57A-4758-9894-A849763D8788}.Release|Any CPU.ActiveCfg = Release|Any CPU
		{72C18DAD-C57A-4758-9894-A849763D8788}.Release|Any CPU.Build.0 = Release|Any CPU
	EndGlobalSection
	GlobalSection(SolutionProperties) = preSolution
		HideSolutionNode = FALSE
	EndGlobalSection
	GlobalSection(ExtensibilityGlobals) = postSolution
		SolutionGuid = {81FA5527-F75E-4EF6-9059-352E050C1363}
	EndGlobalSection
EndGlobal
